// !$*UTF8*$!
{
	archiveVersion = 1;
	classes = {
	};
	objectVersion = 46;
	objects = {

/* Begin PBXBuildFile section */
		8EE0550C17FDCB8900CC62F4 /* UIKit.framework in Frameworks */ = {isa = PBXBuildFile; fileRef = 8EE0550B17FDCB8900CC62F4 /* UIKit.framework */; };
		8EE0550E17FDCB8900CC62F4 /* Foundation.framework in Frameworks */ = {isa = PBXBuildFile; fileRef = 8EE0550D17FDCB8900CC62F4 /* Foundation.framework */; };
		8EE0551017FDCB8900CC62F4 /* CoreGraphics.framework in Frameworks */ = {isa = PBXBuildFile; fileRef = 8EE0550F17FDCB8900CC62F4 /* CoreGraphics.framework */; };
		8EE0551617FDCB8900CC62F4 /* InfoPlist.strings in Resources */ = {isa = PBXBuildFile; fileRef = 8EE0551417FDCB8900CC62F4 /* InfoPlist.strings */; };
		8EE0551817FDCB8900CC62F4 /* main.m in Sources */ = {isa = PBXBuildFile; fileRef = 8EE0551717FDCB8900CC62F4 /* main.m */; };
		8EE0551C17FDCB8900CC62F4 /* MADAppDelegate.m in Sources */ = {isa = PBXBuildFile; fileRef = 8EE0551B17FDCB8900CC62F4 /* MADAppDelegate.m */; };
		8EE0551E17FDCB8900CC62F4 /* Default.png in Resources */ = {isa = PBXBuildFile; fileRef = 8EE0551D17FDCB8900CC62F4 /* Default.png */; };
		8EE0552017FDCB8900CC62F4 /* Default@2x.png in Resources */ = {isa = PBXBuildFile; fileRef = 8EE0551F17FDCB8900CC62F4 /* Default@2x.png */; };
		8EE0552217FDCB8900CC62F4 /* Default-568h@2x.png in Resources */ = {isa = PBXBuildFile; fileRef = 8EE0552117FDCB8900CC62F4 /* Default-568h@2x.png */; };
		8EE0552517FDCB8900CC62F4 /* MADViewController.m in Sources */ = {isa = PBXBuildFile; fileRef = 8EE0552417FDCB8900CC62F4 /* MADViewController.m */; };
		8EE0552817FDCB8900CC62F4 /* MADViewController.xib in Resources */ = {isa = PBXBuildFile; fileRef = 8EE0552617FDCB8900CC62F4 /* MADViewController.xib */; };
		8EE0552F17FDD49100CC62F4 /* music.png in Resources */ = {isa = PBXBuildFile; fileRef = 8EE0552E17FDD49100CC62F4 /* music.png */; };
		8EE0553117FDD4ED00CC62F4 /* musicRetina.png in Resources */ = {isa = PBXBuildFile; fileRef = 8EE0553017FDD4ED00CC62F4 /* musicRetina.png */; };
/* End PBXBuildFile section */

/* Begin PBXFileReference section */
		8EE0550817FDCB8900CC62F4 /* picker.app */ = {isa = PBXFileReference; explicitFileType = wrapper.application; includeInIndex = 0; path = picker.app; sourceTree = BUILT_PRODUCTS_DIR; };
		8EE0550B17FDCB8900CC62F4 /* UIKit.framework */ = {isa = PBXFileReference; lastKnownFileType = wrapper.framework; name = UIKit.framework; path = System/Library/Frameworks/UIKit.framework; sourceTree = SDKROOT; };
		8EE0550D17FDCB8900CC62F4 /* Foundation.framework */ = {isa = PBXFileReference; lastKnownFileType = wrapper.framework; name = Foundation.framework; path = System/Library/Frameworks/Foundation.framework; sourceTree = SDKROOT; };
		8EE0550F17FDCB8900CC62F4 /* CoreGraphics.framework */ = {isa = PBXFileReference; lastKnownFileType = wrapper.framework; name = CoreGraphics.framework; path = System/Library/Frameworks/CoreGraphics.framework; sourceTree = SDKROOT; };
		8EE0551317FDCB8900CC62F4 /* picker-Info.plist */ = {isa = PBXFileReference; lastKnownFileType = text.plist.xml; path = "picker-Info.plist"; sourceTree = "<group>"; };
		8EE0551517FDCB8900CC62F4 /* en */ = {isa = PBXFileReference; lastKnownFileType = text.plist.strings; name = en; path = en.lproj/InfoPlist.strings; sourceTree = "<group>"; };
		8EE0551717FDCB8900CC62F4 /* main.m */ = {isa = PBXFileReference; lastKnownFileType = sourcecode.c.objc; path = main.m; sourceTree = "<group>"; };
		8EE0551917FDCB8900CC62F4 /* picker-Prefix.pch */ = {isa = PBXFileReference; lastKnownFileType = sourcecode.c.h; path = "picker-Prefix.pch"; sourceTree = "<group>"; };
		8EE0551A17FDCB8900CC62F4 /* MADAppDelegate.h */ = {isa = PBXFileReference; lastKnownFileType = sourcecode.c.h; path = MADAppDelegate.h; sourceTree = "<group>"; };
		8EE0551B17FDCB8900CC62F4 /* MADAppDelegate.m */ = {isa = PBXFileReference; lastKnownFileType = sourcecode.c.objc; path = MADAppDelegate.m; sourceTree = "<group>"; };
		8EE0551D17FDCB8900CC62F4 /* Default.png */ = {isa = PBXFileReference; lastKnownFileType = image.png; path = Default.png; sourceTree = "<group>"; };
		8EE0551F17FDCB8900CC62F4 /* Default@2x.png */ = {isa = PBXFileReference; lastKnownFileType = image.png; path = "Default@2x.png"; sourceTree = "<group>"; };
		8EE0552117FDCB8900CC62F4 /* Default-568h@2x.png */ = {isa = PBXFileReference; lastKnownFileType = image.png; path = "Default-568h@2x.png"; sourceTree = "<group>"; };
		8EE0552317FDCB8900CC62F4 /* MADViewController.h */ = {isa = PBXFileReference; lastKnownFileType = sourcecode.c.h; path = MADViewController.h; sourceTree = "<group>"; };
		8EE0552417FDCB8900CC62F4 /* MADViewController.m */ = {isa = PBXFileReference; lastKnownFileType = sourcecode.c.objc; path = MADViewController.m; sourceTree = "<group>"; };
		8EE0552717FDCB8900CC62F4 /* en */ = {isa = PBXFileReference; lastKnownFileType = file.xib; name = en; path = en.lproj/MADViewController.xib; sourceTree = "<group>"; };
		8EE0552E17FDD49100CC62F4 /* music.png */ = {isa = PBXFileReference; lastKnownFileType = image.png; path = music.png; sourceTree = "<group>"; };
		8EE0553017FDD4ED00CC62F4 /* musicRetina.png */ = {isa = PBXFileReference; lastKnownFileType = image.png; path = musicRetina.png; sourceTree = "<group>"; };
/* End PBXFileReference section */

/* Begin PBXFrameworksBuildPhase section */
		8EE0550517FDCB8900CC62F4 /* Frameworks */ = {
			isa = PBXFrameworksBuildPhase;
			buildActionMask = 2147483647;
			files = (
				8EE0550C17FDCB8900CC62F4 /* UIKit.framework in Frameworks */,
				8EE0550E17FDCB8900CC62F4 /* Foundation.framework in Frameworks */,
				8EE0551017FDCB8900CC62F4 /* CoreGraphics.framework in Frameworks */,
			);
			runOnlyForDeploymentPostprocessing = 0;
		};
/* End PBXFrameworksBuildPhase section */

/* Begin PBXGroup section */
		8EE054FF17FDCB8900CC62F4 = {
			isa = PBXGroup;
			children = (
				8EE0553017FDD4ED00CC62F4 /* musicRetina.png */,
				8EE0552E17FDD49100CC62F4 /* music.png */,
				8EE0551117FDCB8900CC62F4 /* picker */,
				8EE0550A17FDCB8900CC62F4 /* Frameworks */,
				8EE0550917FDCB8900CC62F4 /* Products */,
			);
			sourceTree = "<group>";
		};
		8EE0550917FDCB8900CC62F4 /* Products */ = {
			isa = PBXGroup;
			children = (
				8EE0550817FDCB8900CC62F4 /* picker.app */,
			);
			name = Products;
			sourceTree = "<group>";
		};
		8EE0550A17FDCB8900CC62F4 /* Frameworks */ = {
			isa = PBXGroup;
			children = (
				8EE0550B17FDCB8900CC62F4 /* UIKit.framework */,
				8EE0550D17FDCB8900CC62F4 /* Foundation.framework */,
				8EE0550F17FDCB8900CC62F4 /* CoreGraphics.framework */,
			);
			name = Frameworks;
			sourceTree = "<group>";
		};
		8EE0551117FDCB8900CC62F4 /* picker */ = {
			isa = PBXGroup;
			children = (
				8EE0551A17FDCB8900CC62F4 /* MADAppDelegate.h */,
				8EE0551B17FDCB8900CC62F4 /* MADAppDelegate.m */,
				8EE0552317FDCB8900CC62F4 /* MADViewController.h */,
				8EE0552417FDCB8900CC62F4 /* MADViewController.m */,
				8EE0552617FDCB8900CC62F4 /* MADViewController.xib */,
				8EE0551217FDCB8900CC62F4 /* Supporting Files */,
			);
			path = picker;
			sourceTree = "<group>";
		};
		8EE0551217FDCB8900CC62F4 /* Supporting Files */ = {
			isa = PBXGroup;
			children = (
				8EE0551317FDCB8900CC62F4 /* picker-Info.plist */,
				8EE0551417FDCB8900CC62F4 /* InfoPlist.strings */,
				8EE0551717FDCB8900CC62F4 /* main.m */,
				8EE0551917FDCB8900CC62F4 /* picker-Prefix.pch */,
				8EE0551D17FDCB8900CC62F4 /* Default.png */,
				8EE0551F17FDCB8900CC62F4 /* Default@2x.png */,
				8EE0552117FDCB8900CC62F4 /* Default-568h@2x.png */,
			);
			name = "Supporting Files";
			sourceTree = "<group>";
		};
/* End PBXGroup section */

/* Begin PBXNativeTarget section */
		8EE0550717FDCB8900CC62F4 /* picker */ = {
			isa = PBXNativeTarget;
			buildConfigurationList = 8EE0552B17FDCB8900CC62F4 /* Build configuration list for PBXNativeTarget "picker" */;
			buildPhases = (
				8EE0550417FDCB8900CC62F4 /* Sources */,
				8EE0550517FDCB8900CC62F4 /* Frameworks */,
				8EE0550617FDCB8900CC62F4 /* Resources */,
			);
			buildRules = (
			);
			dependencies = (
			);
			name = picker;
			productName = picker;
			productReference = 8EE0550817FDCB8900CC62F4 /* picker.app */;
			productType = "com.apple.product-type.application";
		};
/* End PBXNativeTarget section */

/* Begin PBXProject section */
		8EE0550017FDCB8900CC62F4 /* Project object */ = {
			isa = PBXProject;
			attributes = {
				CLASSPREFIX = MAD;
				LastUpgradeCheck = 0460;
				ORGANIZATIONNAME = "Ryan Wilding";
			};
			buildConfigurationList = 8EE0550317FDCB8900CC62F4 /* Build configuration list for PBXProject "picker" */;
			compatibilityVersion = "Xcode 3.2";
			developmentRegion = English;
			hasScannedForEncodings = 0;
			knownRegions = (
				en,
			);
			mainGroup = 8EE054FF17FDCB8900CC62F4;
			productRefGroup = 8EE0550917FDCB8900CC62F4 /* Products */;
			projectDirPath = "";
			projectRoot = "";
			targets = (
				8EE0550717FDCB8900CC62F4 /* picker */,
			);
		};
/* End PBXProject section */

/* Begin PBXResourcesBuildPhase section */
		8EE0550617FDCB8900CC62F4 /* Resources */ = {
			isa = PBXResourcesBuildPhase;
			buildActionMask = 2147483647;
			files = (
				8EE0551617FDCB8900CC62F4 /* InfoPlist.strings in Resources */,
				8EE0551E17FDCB8900CC62F4 /* Default.png in Resources */,
				8EE0552017FDCB8900CC62F4 /* Default@2x.png in Resources */,
				8EE0552217FDCB8900CC62F4 /* Default-568h@2x.png in Resources */,
				8EE0552817FDCB8900CC62F4 /* MADViewController.xib in Resources */,
				8EE0552F17FDD49100CC62F4 /* music.png in Resources */,
				8EE0553117FDD4ED00CC62F4 /* musicRetina.png in Resources */,
			);
			runOnlyForDeploymentPostprocessing = 0;
		};
/* End PBXResourcesBuildPhase section */

/* Begin PBXSourcesBuildPhase section */
		8EE0550417FDCB8900CC62F4 /* Sources */ = {
			isa = PBXSourcesBuildPhase;
			buildActionMask = 2147483647;
			files = (
				8EE0551817FDCB8900CC62F4 /* main.m in Sources */,
				8EE0551C17FDCB8900CC62F4 /* MADAppDelegate.m in Sources */,
				8EE0552517FDCB8900CC62F4 /* MADViewController.m in Sources */,
			);
			runOnlyForDeploymentPostprocessing = 0;
		};
/* End PBXSourcesBuildPhase section */

/* Begin PBXVariantGroup section */
		8EE0551417FDCB8900CC62F4 /* InfoPlist.strings */ = {
			isa = PBXVariantGroup;
			children = (
				8EE0551517FDCB8900CC62F4 /* en */,
			);
			name = InfoPlist.strings;
			sourceTree = "<group>";
		};
		8EE0552617FDCB8900CC62F4 /* MADViewController.xib */ = {
			isa = PBXVariantGroup;
			children = (
				8EE0552717FDCB8900CC62F4 /* en */,
			);
			name = MADViewController.xib;
			sourceTree = "<group>";
		};
/* End PBXVariantGroup section */

/* Begin XCBuildConfiguration section */
		8EE0552917FDCB8900CC62F4 /* Debug */ = {
			isa = XCBuildConfiguration;
			buildSettings = {
				ALWAYS_SEARCH_USER_PATHS = NO;
				CLANG_CXX_LANGUAGE_STANDARD = "gnu++0x";
				CLANG_CXX_LIBRARY = "libc++";
				CLANG_ENABLE_OBJC_ARC = YES;
				CLANG_WARN_CONSTANT_CONVERSION = YES;
				CLANG_WARN_EMPTY_BODY = YES;
				CLANG_WARN_ENUM_CONVERSION = YES;
				CLANG_WARN_INT_CONVERSION = YES;
				CLANG_WARN__DUPLICATE_METHOD_MATCH = YES;
				"CODE_SIGN_IDENTITY[sdk=iphoneos*]" = "iPhone Developer";
				COPY_PHASE_STRIP = NO;
				GCC_C_LANGUAGE_STANDARD = gnu99;
				GCC_DYNAMIC_NO_PIC = NO;
				GCC_OPTIMIZATION_LEVEL = 0;
				GCC_PREPROCESSOR_DEFINITIONS = (
					"DEBUG=1",
					"$(inherited)",
				);
				GCC_SYMBOLS_PRIVATE_EXTERN = NO;
				GCC_WARN_ABOUT_RETURN_TYPE = YES;
				GCC_WARN_UNINITIALIZED_AUTOS = YES;
				GCC_WARN_UNUSED_VARIABLE = YES;
				IPHONEOS_DEPLOYMENT_TARGET = 6.1;
				ONLY_ACTIVE_ARCH = YES;
				SDKROOT = iphoneos;
			};
			name = Debug;
		};
		8EE0552A17FDCB8900CC62F4 /* Release */ = {
			isa = XCBuildConfiguration;
			buildSettings = {
				ALWAYS_SEARCH_USER_PATHS = NO;
				CLANG_CXX_LANGUAGE_STANDARD = "gnu++0x";
				CLANG_CXX_LIBRARY = "libc++";
				CLANG_ENABLE_OBJC_ARC = YES;
				CLANG_WARN_CONSTANT_CONVERSION = YES;
				CLANG_WARN_EMPTY_BODY = YES;
				CLANG_WARN_ENUM_CONVERSION = YES;
				CLANG_WARN_INT_CONVERSION = YES;
				CLANG_WARN__DUPLICATE_METHOD_MATCH = YES;
				"CODE_SIGN_IDENTITY[sdk=iphoneos*]" = "iPhone Developer";
				COPY_PHASE_STRIP = YES;
				GCC_C_LANGUAGE_STANDARD = gnu99;
				GCC_WARN_ABOUT_RETURN_TYPE = YES;
				GCC_WARN_UNINITIALIZED_AUTOS = YES;
				GCC_WARN_UNUSED_VARIABLE = YES;
				IPHONEOS_DEPLOYMENT_TARGET = 6.1;
				OTHER_CFLAGS = "-DNS_BLOCK_ASSERTIONS=1";
				SDKROOT = iphoneos;
				VALIDATE_PRODUCT = YES;
			};
			name = Release;
		};
		8EE0552C17FDCB8900CC62F4 /* Debug */ = {
			isa = XCBuildConfiguration;
			buildSettings = {
				GCC_PRECOMPILE_PREFIX_HEADER = YES;
				GCC_PREFIX_HEADER = "picker/picker-Prefix.pch";
				INFOPLIST_FILE = "picker/picker-Info.plist";
				PRODUCT_NAME = "$(TARGET_NAME)";
				WRAPPER_EXTENSION = app;
			};
			name = Debug;
		};
		8EE0552D17FDCB8900CC62F4 /* Release */ = {
			isa = XCBuildConfiguration;
			buildSettings = {
				GCC_PRECOMPILE_PREFIX_HEADER = YES;
				GCC_PREFIX_HEADER = "picker/picker-Prefix.pch";
				INFOPLIST_FILE = "picker/picker-Info.plist";
				PRODUCT_NAME = "$(TARGET_NAME)";
				WRAPPER_EXTENSION = app;
			};
			name = Release;
		};
/* End XCBuildConfiguration section */

/* Begin XCConfigurationList section */
		8EE0550317FDCB8900CC62F4 /* Build configuration list for PBXProject "picker" */ = {
			isa = XCConfigurationList;
			buildConfigurations = (
				8EE0552917FDCB8900CC62F4 /* Debug */,
				8EE0552A17FDCB8900CC62F4 /* Release */,
			);
			defaultConfigurationIsVisible = 0;
			defaultConfigurationName = Release;
		};
		8EE0552B17FDCB8900CC62F4 /* Build configuration list for PBXNativeTarget "picker" */ = {
			isa = XCConfigurationList;
			buildConfigurations = (
				8EE0552C17FDCB8900CC62F4 /* Debug */,
				8EE0552D17FDCB8900CC62F4 /* Release */,
			);
			defaultConfigurationIsVisible = 0;
		};
/* End XCConfigurationList section */
	};
	rootObject = 8EE0550017FDCB8900CC62F4 /* Project object */;
}
